
Microsoft Visual Studio Solution File, Format Version 12.00
# Visual Studio 2012
Project("{8BC9CEB8-8B4A-11D0-8D11-00A0C91BC942}") = "kv2server_application", "kv2server_application\kv2server_application.vcxproj", "{3FDCFC7F-B7E0-4B3B-9FFC-A030BA808306}"
EndProject
Global
	GlobalSection(SolutionConfigurationPlatforms) = preSolution
		Debug|Win32 = Debug|Win32
		Release|Win32 = Release|Win32
	EndGlobalSection
	GlobalSection(ProjectConfigurationPlatforms) = postSolution
		{3FDCFC7F-B7E0-4B3B-9FFC-A030BA808306}.Debug|Win32.ActiveCfg = Debug|Win32
		{3FDCFC7F-B7E0-4B3B-9FFC-A030BA808306}.Debug|Win32.Build.0 = Debug|Win32
		{3FDCFC7F-B7E0-4B3B-9FFC-A030BA808306}.Release|Win32.ActiveCfg = Release|Win32
		{3FDCFC7F-B7E0-4B3B-9FFC-A030BA808306}.Release|Win32.Build.0 = Release|Win32
	EndGlobalSection
	GlobalSection(SolutionProperties) = preSolution
		HideSolutionNode = FALSE
	EndGlobalSection
EndGlobal
